{
  "pins" : [
    {
      "identity" : "redline",
      "kind" : "remoteSourceControl",
      "location" : "https://github.com/southkin/RedLine",
      "state" : {
        "revision" : "d51c113158cb056df23f047f09e5958a354aa3ea",
        "version" : "1.0.3"
      }
    },
    {
      "identity" : "then",
      "kind" : "remoteSourceControl",
      "location" : "https://github.com/devxoul/Then",
      "state" : {
        "revision" : "d41ef523faef0f911369f79c0b96815d9dbb6d7a",
        "version" : "3.0.0"
      }
    }
  ],
  "version" : 2
}
